dependencies:
- name: victoria-metrics-k8s-stack
  repository: https://victoriametrics.github.io/helm-charts/
  version: 0.70.0
- name: victoria-logs-single
  repository: https://victoriametrics.github.io/helm-charts/
  version: 0.11.26
- name: victoria-logs-collector
  repository: https://victoriametrics.github.io/helm-charts/
  version: 0.2.9
- name: victoria-traces-single
  repository: https://victoriametrics.github.io/helm-charts/
  version: 0.0.6
digest: sha256:88e8061643ede2a6872c1b7375cd4a2c2b9c4e8ff5442c92d18922ea07fcf91a
generated: "2026-02-09T19:03:07.461273399-03:00"
