dependencies:
- name: victoria-metrics-k8s-stack
  repository: https://victoriametrics.github.io/helm-charts/
  version: 0.70.0
- name: victoria-logs-single
  repository: https://victoriametrics.github.io/helm-charts/
  version: 0.11.26
- name: victoria-logs-collector
  repository: https://victoriametrics.github.io/helm-charts/
  version: 0.2.9
- name: victoria-traces-single
  repository: https://victoriametrics.github.io/helm-charts/
  version: 0.0.6
- name: opentelemetry-operator
  repository: https://open-telemetry.github.io/opentelemetry-helm-charts
  version: 0.105.0
digest: sha256:b896d1d20b5e85bb12faa997b2c30ee27a8c83ca44a15ac2ebb58d80f2c3e468
generated: "2026-02-09T18:58:55.752069339-03:00"
